// !$*UTF8*$!
{
	archiveVersion = 1;
	classes = {
	};
	objectVersion = 46;
	objects = {

/* Begin PBXBuildFile section */
		F9434E461DB3481F0091F854 /* AppDelegate.swift in Sources */ = {isa = PBXBuildFile; fileRef = F9434E451DB3481F0091F854 /* AppDelegate.swift */; };
		F9434E481DB3481F0091F854 /* ViewController.swift in Sources */ = {isa = PBXBuildFile; fileRef = F9434E471DB3481F0091F854 /* ViewController.swift */; };
		F9434E4B1DB3481F0091F854 /* Main.storyboard in Resources */ = {isa = PBXBuildFile; fileRef = F9434E491DB3481F0091F854 /* Main.storyboard */; };
		F9434E4D1DB3481F0091F854 /* Assets.xcassets in Resources */ = {isa = PBXBuildFile; fileRef = F9434E4C1DB3481F0091F854 /* Assets.xcassets */; };
		F9434E501DB3481F0091F854 /* LaunchScreen.storyboard in Resources */ = {isa = PBXBuildFile; fileRef = F9434E4E1DB3481F0091F854 /* LaunchScreen.storyboard */; };
		F9434E5B1DB3481F0091F854 /* __UITests.swift in Sources */ = {isa = PBXBuildFile; fileRef = F9434E5A1DB3481F0091F854 /* __UITests.swift */; };
/* End PBXBuildFile section */

/* Begin PBXContainerItemProxy section */
		F9434E571DB3481F0091F854 /* PBXContainerItemProxy */ = {
			isa = PBXContainerItemProxy;
			containerPortal = F9434E3A1DB3481F0091F854 /* Project object */;
			proxyType = 1;
			remoteGlobalIDString = F9434E411DB3481F0091F854;
			remoteInfo = "斗鱼";
		};
/* End PBXContainerItemProxy section */

/* Begin PBXFileReference section */
		F9434E421DB3481F0091F854 /* 斗鱼.app */ = {isa = PBXFileReference; explicitFileType = wrapper.application; includeInIndex = 0; path = "斗鱼.app"; sourceTree = BUILT_PRODUCTS_DIR; };
		F9434E451DB3481F0091F854 /* AppDelegate.swift */ = {isa = PBXFileReference; lastKnownFileType = sourcecode.swift; path = AppDelegate.swift; sourceTree = "<group>"; };
		F9434E471DB3481F0091F854 /* ViewController.swift */ = {isa = PBXFileReference; lastKnownFileType = sourcecode.swift; path = ViewController.swift; sourceTree = "<group>"; };
		F9434E4A1DB3481F0091F854 /* Base */ = {isa = PBXFileReference; lastKnownFileType = file.storyboard; name = Base; path = Base.lproj/Main.storyboard; sourceTree = "<group>"; };
		F9434E4C1DB3481F0091F854 /* Assets.xcassets */ = {isa = PBXFileReference; lastKnownFileType = folder.assetcatalog; path = Assets.xcassets; sourceTree = "<group>"; };
		F9434E4F1DB3481F0091F854 /* Base */ = {isa = PBXFileReference; lastKnownFileType = file.storyboard; name = Base; path = Base.lproj/LaunchScreen.storyboard; sourceTree = "<group>"; };
		F9434E511DB3481F0091F854 /* Info.plist */ = {isa = PBXFileReference; lastKnownFileType = text.plist.xml; path = Info.plist; sourceTree = "<group>"; };
		F9434E561DB3481F0091F854 /* 斗鱼UITests.xctest */ = {isa = PBXFileReference; explicitFileType = wrapper.cfbundle; includeInIndex = 0; path = "斗鱼UITests.xctest"; sourceTree = BUILT_PRODUCTS_DIR; };
		F9434E5A1DB3481F0091F854 /* __UITests.swift */ = {isa = PBXFileReference; lastKnownFileType = sourcecode.swift; path = __UITests.swift; sourceTree = "<group>"; };
		F9434E5C1DB3481F0091F854 /* Info.plist */ = {isa = PBXFileReference; lastKnownFileType = text.plist.xml; path = Info.plist; sourceTree = "<group>"; };
/* End PBXFileReference section */

/* Begin PBXFrameworksBuildPhase section */
		F9434E3F1DB3481F0091F854 /* Frameworks */ = {
			isa = PBXFrameworksBuildPhase;
			buildActionMask = 2147483647;
			files = (
			);
			runOnlyForDeploymentPostprocessing = 0;
		};
		F9434E531DB3481F0091F854 /* Frameworks */ = {
			isa = PBXFrameworksBuildPhase;
			buildActionMask = 2147483647;
			files = (
			);
			runOnlyForDeploymentPostprocessing = 0;
		};
/* End PBXFrameworksBuildPhase section */

/* Begin PBXGroup section */
		F9434E391DB3481F0091F854 = {
			isa = PBXGroup;
			children = (
				F9434E441DB3481F0091F854 /* 斗鱼 */,
				F9434E591DB3481F0091F854 /* 斗鱼UITests */,
				F9434E431DB3481F0091F854 /* Products */,
			);
			sourceTree = "<group>";
		};
		F9434E431DB3481F0091F854 /* Products */ = {
			isa = PBXGroup;
			children = (
				F9434E421DB3481F0091F854 /* 斗鱼.app */,
				F9434E561DB3481F0091F854 /* 斗鱼UITests.xctest */,
			);
			name = Products;
			sourceTree = "<group>";
		};
		F9434E441DB3481F0091F854 /* 斗鱼 */ = {
			isa = PBXGroup;
			children = (
				F9434E451DB3481F0091F854 /* AppDelegate.swift */,
				F9434E471DB3481F0091F854 /* ViewController.swift */,
				F9434E491DB3481F0091F854 /* Main.storyboard */,
				F9434E4C1DB3481F0091F854 /* Assets.xcassets */,
				F9434E4E1DB3481F0091F854 /* LaunchScreen.storyboard */,
				F9434E511DB3481F0091F854 /* Info.plist */,
			);
			path = "斗鱼";
			sourceTree = "<group>";
		};
		F9434E591DB3481F0091F854 /* 斗鱼UITests */ = {
			isa = PBXGroup;
			children = (
				F9434E5A1DB3481F0091F854 /* __UITests.swift */,
				F9434E5C1DB3481F0091F854 /* Info.plist */,
			);
			path = "斗鱼UITests";
			sourceTree = "<group>";
		};
/* End PBXGroup section */

/* Begin PBXNativeTarget section */
		F9434E411DB3481F0091F854 /* 斗鱼 */ = {
			isa = PBXNativeTarget;
			buildConfigurationList = F9434E5F1DB3481F0091F854 /* Build configuration list for PBXNativeTarget "斗鱼" */;
			buildPhases = (
				F9434E3E1DB3481F0091F854 /* Sources */,
				F9434E3F1DB3481F0091F854 /* Frameworks */,
				F9434E401DB3481F0091F854 /* Resources */,
			);
			buildRules = (
			);
			dependencies = (
			);
			name = "斗鱼";
			productName = "斗鱼";
			productReference = F9434E421DB3481F0091F854 /* 斗鱼.app */;
			productType = "com.apple.product-type.application";
		};
		F9434E551DB3481F0091F854 /* 斗鱼UITests */ = {
			isa = PBXNativeTarget;
			buildConfigurationList = F9434E621DB3481F0091F854 /* Build configuration list for PBXNativeTarget "斗鱼UITests" */;
			buildPhases = (
				F9434E521DB3481F0091F854 /* Sources */,
				F9434E531DB3481F0091F854 /* Frameworks */,
				F9434E541DB3481F0091F854 /* Resources */,
			);
			buildRules = (
			);
			dependencies = (
				F9434E581DB3481F0091F854 /* PBXTargetDependency */,
			);
			name = "斗鱼UITests";
			productName = "斗鱼UITests";
			productReference = F9434E561DB3481F0091F854 /* 斗鱼UITests.xctest */;
			productType = "com.apple.product-type.bundle.ui-testing";
		};
/* End PBXNativeTarget section */

/* Begin PBXProject section */
		F9434E3A1DB3481F0091F854 /* Project object */ = {
			isa = PBXProject;
			attributes = {
				LastSwiftUpdateCheck = 0800;
				LastUpgradeCheck = 0800;
				ORGANIZATIONNAME = LY;
				TargetAttributes = {
					F9434E411DB3481F0091F854 = {
						CreatedOnToolsVersion = 8.0;
						ProvisioningStyle = Automatic;
					};
					F9434E551DB3481F0091F854 = {
						CreatedOnToolsVersion = 8.0;
						ProvisioningStyle = Automatic;
						TestTargetID = F9434E411DB3481F0091F854;
					};
				};
			};
			buildConfigurationList = F9434E3D1DB3481F0091F854 /* Build configuration list for PBXProject "斗鱼" */;
			compatibilityVersion = "Xcode 3.2";
			developmentRegion = English;
			hasScannedForEncodings = 0;
			knownRegions = (
				en,
				Base,
			);
			mainGroup = F9434E391DB3481F0091F854;
			productRefGroup = F9434E431DB3481F0091F854 /* Products */;
			projectDirPath = "";
			projectRoot = "";
			targets = (
				F9434E411DB3481F0091F854 /* 斗鱼 */,
				F9434E551DB3481F0091F854 /* 斗鱼UITests */,
			);
		};
/* End PBXProject section */

/* Begin PBXResourcesBuildPhase section */
		F9434E401DB3481F0091F854 /* Resources */ = {
			isa = PBXResourcesBuildPhase;
			buildActionMask = 2147483647;
			files = (
				F9434E501DB3481F0091F854 /* LaunchScreen.storyboard in Resources */,
				F9434E4D1DB3481F0091F854 /* Assets.xcassets in Resources */,
				F9434E4B1DB3481F0091F854 /* Main.storyboard in Resources */,
			);
			runOnlyForDeploymentPostprocessing = 0;
		};
		F9434E541DB3481F0091F854 /* Resources */ = {
			isa = PBXResourcesBuildPhase;
			buildActionMask = 2147483647;
			files = (
			);
			runOnlyForDeploymentPostprocessing = 0;
		};
/* End PBXResourcesBuildPhase section */

/* Begin PBXSourcesBuildPhase section */
		F9434E3E1DB3481F0091F854 /* Sources */ = {
			isa = PBXSourcesBuildPhase;
			buildActionMask = 2147483647;
			files = (
				F9434E481DB3481F0091F854 /* ViewController.swift in Sources */,
				F9434E461DB3481F0091F854 /* AppDelegate.swift in Sources */,
			);
			runOnlyForDeploymentPostprocessing = 0;
		};
		F9434E521DB3481F0091F854 /* Sources */ = {
			isa = PBXSourcesBuildPhase;
			buildActionMask = 2147483647;
			files = (
				F9434E5B1DB3481F0091F854 /* __UITests.swift in Sources */,
			);
			runOnlyForDeploymentPostprocessing = 0;
		};
/* End PBXSourcesBuildPhase section */

/* Begin PBXTargetDependency section */
		F9434E581DB3481F0091F854 /* PBXTargetDependency */ = {
			isa = PBXTargetDependency;
			target = F9434E411DB3481F0091F854 /* 斗鱼 */;
			targetProxy = F9434E571DB3481F0091F854 /* PBXContainerItemProxy */;
		};
/* End PBXTargetDependency section */

/* Begin PBXVariantGroup section */
		F9434E491DB3481F0091F854 /* Main.storyboard */ = {
			isa = PBXVariantGroup;
			children = (
				F9434E4A1DB3481F0091F854 /* Base */,
			);
			name = Main.storyboard;
			sourceTree = "<group>";
		};
		F9434E4E1DB3481F0091F854 /* LaunchScreen.storyboard */ = {
			isa = PBXVariantGroup;
			children = (
				F9434E4F1DB3481F0091F854 /* Base */,
			);
			name = LaunchScreen.storyboard;
			sourceTree = "<group>";
		};
/* End PBXVariantGroup section */

/* Begin XCBuildConfiguration section */
		F9434E5D1DB3481F0091F854 /* Debug */ = {
			isa = XCBuildConfiguration;
			buildSettings = {
				ALWAYS_SEARCH_USER_PATHS = NO;
				CLANG_ANALYZER_NONNULL = YES;
				CLANG_CXX_LANGUAGE_STANDARD = "gnu++0x";
				CLANG_CXX_LIBRARY = "libc++";
				CLANG_ENABLE_MODULES = YES;
				CLANG_ENABLE_OBJC_ARC = YES;
				CLANG_WARN_BOOL_CONVERSION = YES;
				CLANG_WARN_CONSTANT_CONVERSION = YES;
				CLANG_WARN_DIRECT_OBJC_ISA_USAGE = YES_ERROR;
				CLANG_WARN_DOCUMENTATION_COMMENTS = YES;
				CLANG_WARN_EMPTY_BODY = YES;
				CLANG_WARN_ENUM_CONVERSION = YES;
				CLANG_WARN_INFINITE_RECURSION = YES;
				CLANG_WARN_INT_CONVERSION = YES;
				CLANG_WARN_OBJC_ROOT_CLASS = YES_ERROR;
				CLANG_WARN_SUSPICIOUS_MOVES = YES;
				CLANG_WARN_UNREACHABLE_CODE = YES;
				CLANG_WARN__DUPLICATE_METHOD_MATCH = YES;
				"CODE_SIGN_IDENTITY[sdk=iphoneos*]" = "iPhone Developer";
				COPY_PHASE_STRIP = NO;
				DEBUG_INFORMATION_FORMAT = dwarf;
				ENABLE_STRICT_OBJC_MSGSEND = YES;
				ENABLE_TESTABILITY = YES;
				GCC_C_LANGUAGE_STANDARD = gnu99;
				GCC_DYNAMIC_NO_PIC = NO;
				GCC_NO_COMMON_BLOCKS = YES;
				GCC_OPTIMIZATION_LEVEL = 0;
				GCC_PREPROCESSOR_DEFINITIONS = (
					"DEBUG=1",
					"$(inherited)",
				);
				GCC_WARN_64_TO_32_BIT_CONVERSION = YES;
				GCC_WARN_ABOUT_RETURN_TYPE = YES_ERROR;
				GCC_WARN_UNDECLARED_SELECTOR = YES;
				GCC_WARN_UNINITIALIZED_AUTOS = YES_AGGRESSIVE;
				GCC_WARN_UNUSED_FUNCTION = YES;
				GCC_WARN_UNUSED_VARIABLE = YES;
				IPHONEOS_DEPLOYMENT_TARGET = 10.0;
				MTL_ENABLE_DEBUG_INFO = YES;
				ONLY_ACTIVE_ARCH = YES;
				SDKROOT = iphoneos;
				SWIFT_ACTIVE_COMPILATION_CONDITIONS = DEBUG;
				SWIFT_OPTIMIZATION_LEVEL = "-Onone";
			};
			name = Debug;
		};
		F9434E5E1DB3481F0091F854 /* Release */ = {
			isa = XCBuildConfiguration;
			buildSettings = {
				ALWAYS_SEARCH_USER_PATHS = NO;
				CLANG_ANALYZER_NONNULL = YES;
				CLANG_CXX_LANGUAGE_STANDARD = "gnu++0x";
				CLANG_CXX_LIBRARY = "libc++";
				CLANG_ENABLE_MODULES = YES;
				CLANG_ENABLE_OBJC_ARC = YES;
				CLANG_WARN_BOOL_CONVERSION = YES;
				CLANG_WARN_CONSTANT_CONVERSION = YES;
				CLANG_WARN_DIRECT_OBJC_ISA_USAGE = YES_ERROR;
				CLANG_WARN_DOCUMENTATION_COMMENTS = YES;
				CLANG_WARN_EMPTY_BODY = YES;
				CLANG_WARN_ENUM_CONVERSION = YES;
				CLANG_WARN_INFINITE_RECURSION = YES;
				CLANG_WARN_INT_CONVERSION = YES;
				CLANG_WARN_OBJC_ROOT_CLASS = YES_ERROR;
				CLANG_WARN_SUSPICIOUS_MOVES = YES;
				CLANG_WARN_UNREACHABLE_CODE = YES;
				CLANG_WARN__DUPLICATE_METHOD_MATCH = YES;
				"CODE_SIGN_IDENTITY[sdk=iphoneos*]" = "iPhone Developer";
				COPY_PHASE_STRIP = NO;
				DEBUG_INFORMATION_FORMAT = "dwarf-with-dsym";
				ENABLE_NS_ASSERTIONS = NO;
				ENABLE_STRICT_OBJC_MSGSEND = YES;
				GCC_C_LANGUAGE_STANDARD = gnu99;
				GCC_NO_COMMON_BLOCKS = YES;
				GCC_WARN_64_TO_32_BIT_CONVERSION = YES;
				GCC_WARN_ABOUT_RETURN_TYPE = YES_ERROR;
				GCC_WARN_UNDECLARED_SELECTOR = YES;
				GCC_WARN_UNINITIALIZED_AUTOS = YES_AGGRESSIVE;
				GCC_WARN_UNUSED_FUNCTION = YES;
				GCC_WARN_UNUSED_VARIABLE = YES;
				IPHONEOS_DEPLOYMENT_TARGET = 10.0;
				MTL_ENABLE_DEBUG_INFO = NO;
				SDKROOT = iphoneos;
				SWIFT_OPTIMIZATION_LEVEL = "-Owholemodule";
				VALIDATE_PRODUCT = YES;
			};
			name = Release;
		};
		F9434E601DB3481F0091F854 /* Debug */ = {
			isa = XCBuildConfiguration;
			buildSettings = {
				ASSETCATALOG_COMPILER_APPICON_NAME = AppIcon;
				INFOPLIST_FILE = "斗鱼/Info.plist";
				LD_RUNPATH_SEARCH_PATHS = "$(inherited) @executable_path/Frameworks";
				PRODUCT_BUNDLE_IDENTIFIER = "LY.--";
				PRODUCT_NAME = "$(TARGET_NAME)";
				SWIFT_VERSION = 3.0;
			};
			name = Debug;
		};
		F9434E611DB3481F0091F854 /* Release */ = {
			isa = XCBuildConfiguration;
			buildSettings = {
				ASSETCATALOG_COMPILER_APPICON_NAME = AppIcon;
				INFOPLIST_FILE = "斗鱼/Info.plist";
				LD_RUNPATH_SEARCH_PATHS = "$(inherited) @executable_path/Frameworks";
				PRODUCT_BUNDLE_IDENTIFIER = "LY.--";
				PRODUCT_NAME = "$(TARGET_NAME)";
				SWIFT_VERSION = 3.0;
			};
			name = Release;
		};
		F9434E631DB3481F0091F854 /* Debug */ = {
			isa = XCBuildConfiguration;
			buildSettings = {
				ALWAYS_EMBED_SWIFT_STANDARD_LIBRARIES = YES;
				INFOPLIST_FILE = "斗鱼UITests/Info.plist";
				LD_RUNPATH_SEARCH_PATHS = "$(inherited) @executable_path/Frameworks @loader_path/Frameworks";
				PRODUCT_BUNDLE_IDENTIFIER = "LY.--UITests";
				PRODUCT_NAME = "$(TARGET_NAME)";
				SWIFT_VERSION = 3.0;
				TEST_TARGET_NAME = "斗鱼";
			};
			name = Debug;
		};
		F9434E641DB3481F0091F854 /* Release */ = {
			isa = XCBuildConfiguration;
			buildSettings = {
				ALWAYS_EMBED_SWIFT_STANDARD_LIBRARIES = YES;
				INFOPLIST_FILE = "斗鱼UITests/Info.plist";
				LD_RUNPATH_SEARCH_PATHS = "$(inherited) @executable_path/Frameworks @loader_path/Frameworks";
				PRODUCT_BUNDLE_IDENTIFIER = "LY.--UITests";
				PRODUCT_NAME = "$(TARGET_NAME)";
				SWIFT_VERSION = 3.0;
				TEST_TARGET_NAME = "斗鱼";
			};
			name = Release;
		};
/* End XCBuildConfiguration section */

/* Begin XCConfigurationList section */
		F9434E3D1DB3481F0091F854 /* Build configuration list for PBXProject "斗鱼" */ = {
			isa = XCConfigurationList;
			buildConfigurations = (
				F9434E5D1DB3481F0091F854 /* Debug */,
				F9434E5E1DB3481F0091F854 /* Release */,
			);
			defaultConfigurationIsVisible = 0;
			defaultConfigurationName = Release;
		};
		F9434E5F1DB3481F0091F854 /* Build configuration list for PBXNativeTarget "斗鱼" */ = {
			isa = XCConfigurationList;
			buildConfigurations = (
				F9434E601DB3481F0091F854 /* Debug */,
				F9434E611DB3481F0091F854 /* Release */,
			);
			defaultConfigurationIsVisible = 0;
		};
		F9434E621DB3481F0091F854 /* Build configuration list for PBXNativeTarget "斗鱼UITests" */ = {
			isa = XCConfigurationList;
			buildConfigurations = (
				F9434E631DB3481F0091F854 /* Debug */,
				F9434E641DB3481F0091F854 /* Release */,
			);
			defaultConfigurationIsVisible = 0;
		};
/* End XCConfigurationList section */
	};
	rootObject = F9434E3A1DB3481F0091F854 /* Project object */;
}
